
Microsoft Visual Studio Solution File, Format Version 12.00
# Visual Studio 2012
Project("{8BC9CEB8-8B4A-11D0-8D11-00A0C91BC942}") = "DetourLib", "Projects\DetourLib.vcxproj", "{58166FE6-667F-40CC-8049-F69F37F637C6}"
EndProject
Project("{2150E333-8FDC-42A3-9474-1A3956D46DE8}") = "0 - Libs", "0 - Libs", "{AADA8719-AE49-44E8-9EAD-92CF90906C10}"
EndProject
Project("{2150E333-8FDC-42A3-9474-1A3956D46DE8}") = "1 - Tools", "1 - Tools", "{00AA53CE-4CB9-4B11-B70D-405C1E855A4B}"
EndProject
Project("{2150E333-8FDC-42A3-9474-1A3956D46DE8}") = "2 - Samples", "2 - Samples", "{50B8D218-F209-4D50-BFA1-4F404292C013}"
EndProject
Project("{8BC9CEB8-8B4A-11D0-8D11-00A0C91BC942}") = "withdll", "Projects\withdll.vcxproj", "{DAEFEAE3-E64A-4953-B629-8A1424FABC70}"
	ProjectSection(ProjectDependencies) = postProject
		{58166FE6-667F-40CC-8049-F69F37F637C6} = {58166FE6-667F-40CC-8049-F69F37F637C6}
	EndProjectSection
EndProject
Project("{8BC9CEB8-8B4A-11D0-8D11-00A0C91BC942}") = "setdll", "Projects\setdll.vcxproj", "{A5B06C11-F4B3-48FE-881A-64960CC62F0A}"
	ProjectSection(ProjectDependencies) = postProject
		{58166FE6-667F-40CC-8049-F69F37F637C6} = {58166FE6-667F-40CC-8049-F69F37F637C6}
	EndProjectSection
EndProject
Project("{8BC9CEB8-8B4A-11D0-8D11-00A0C91BC942}") = "simple", "Projects\simple.vcxproj", "{AEEE95A9-DDDC-464C-A906-61D1083EE6B5}"
	ProjectSection(ProjectDependencies) = postProject
		{58166FE6-667F-40CC-8049-F69F37F637C6} = {58166FE6-667F-40CC-8049-F69F37F637C6}
	EndProjectSection
EndProject
Project("{8BC9CEB8-8B4A-11D0-8D11-00A0C91BC942}") = "sleep5", "Projects\sleep5.vcxproj", "{FBEA9B87-B833-4276-91E4-8DDE515E7C53}"
	ProjectSection(ProjectDependencies) = postProject
		{58166FE6-667F-40CC-8049-F69F37F637C6} = {58166FE6-667F-40CC-8049-F69F37F637C6}
	EndProjectSection
EndProject
Project("{2150E333-8FDC-42A3-9474-1A3956D46DE8}") = "01-simple", "01-simple", "{EAAE6AFE-1AD5-407B-A4F0-8DB1C12FB2F4}"
EndProject
Project("{8BC9CEB8-8B4A-11D0-8D11-00A0C91BC942}") = "SyelogLib", "Projects\SyelogLib.vcxproj", "{10C11325-E993-4C67-BCA7-A5EC917091EA}"
EndProject
Project("{8BC9CEB8-8B4A-11D0-8D11-00A0C91BC942}") = "syelogd", "Projects\syelogd.vcxproj", "{94A13890-0AF1-4B7F-92AC-B421F7E609C0}"
	ProjectSection(ProjectDependencies) = postProject
		{10C11325-E993-4C67-BCA7-A5EC917091EA} = {10C11325-E993-4C67-BCA7-A5EC917091EA}
		{58166FE6-667F-40CC-8049-F69F37F637C6} = {58166FE6-667F-40CC-8049-F69F37F637C6}
	EndProjectSection
EndProject
Project("{2150E333-8FDC-42A3-9474-1A3956D46DE8}") = "02-syelogtest", "02-syelogtest", "{77EBA0DD-4D18-4DD2-B519-B140A70FC568}"
EndProject
Project("{8BC9CEB8-8B4A-11D0-8D11-00A0C91BC942}") = "sltest", "Projects\sltest.vcxproj", "{16413B98-195F-45BB-8E9F-918980188A10}"
	ProjectSection(ProjectDependencies) = postProject
		{10C11325-E993-4C67-BCA7-A5EC917091EA} = {10C11325-E993-4C67-BCA7-A5EC917091EA}
		{58166FE6-667F-40CC-8049-F69F37F637C6} = {58166FE6-667F-40CC-8049-F69F37F637C6}
	EndProjectSection
EndProject
Project("{8BC9CEB8-8B4A-11D0-8D11-00A0C91BC942}") = "sltestp", "Projects\sltestp.vcxproj", "{F213F10C-24B3-4C86-B577-DC0085367F61}"
	ProjectSection(ProjectDependencies) = postProject
		{10C11325-E993-4C67-BCA7-A5EC917091EA} = {10C11325-E993-4C67-BCA7-A5EC917091EA}
		{58166FE6-667F-40CC-8049-F69F37F637C6} = {58166FE6-667F-40CC-8049-F69F37F637C6}
	EndProjectSection
EndProject
Project("{2150E333-8FDC-42A3-9474-1A3956D46DE8}") = "03-hookcl", "03-hookcl", "{E5DD4F82-DA8C-4A06-88BE-AFCF93424DDF}"
EndProject
Project("{8BC9CEB8-8B4A-11D0-8D11-00A0C91BC942}") = "hellocl", "Projects\hellocl.vcxproj", "{3341F2A2-85F9-4A55-A708-0350DA8190FE}"
	ProjectSection(ProjectDependencies) = postProject
		{10C11325-E993-4C67-BCA7-A5EC917091EA} = {10C11325-E993-4C67-BCA7-A5EC917091EA}
		{58166FE6-667F-40CC-8049-F69F37F637C6} = {58166FE6-667F-40CC-8049-F69F37F637C6}
	EndProjectSection
EndProject
Project("{8BC9CEB8-8B4A-11D0-8D11-00A0C91BC942}") = "readcl", "Projects\readcl.vcxproj", "{375C6639-D4AE-4FF6-B7E2-9EE9ABA063E7}"
EndProject
Global
	GlobalSection(SolutionConfigurationPlatforms) = preSolution
		Debug|Win32 = Debug|Win32
		Release|Win32 = Release|Win32
	EndGlobalSection
	GlobalSection(ProjectConfigurationPlatforms) = postSolution
		{58166FE6-667F-40CC-8049-F69F37F637C6}.Debug|Win32.ActiveCfg = Debug|Win32
		{58166FE6-667F-40CC-8049-F69F37F637C6}.Debug|Win32.Build.0 = Debug|Win32
		{58166FE6-667F-40CC-8049-F69F37F637C6}.Release|Win32.ActiveCfg = Release|Win32
		{58166FE6-667F-40CC-8049-F69F37F637C6}.Release|Win32.Build.0 = Release|Win32
		{DAEFEAE3-E64A-4953-B629-8A1424FABC70}.Debug|Win32.ActiveCfg = Debug|Win32
		{DAEFEAE3-E64A-4953-B629-8A1424FABC70}.Debug|Win32.Build.0 = Debug|Win32
		{DAEFEAE3-E64A-4953-B629-8A1424FABC70}.Release|Win32.ActiveCfg = Release|Win32
		{DAEFEAE3-E64A-4953-B629-8A1424FABC70}.Release|Win32.Build.0 = Release|Win32
		{A5B06C11-F4B3-48FE-881A-64960CC62F0A}.Debug|Win32.ActiveCfg = Debug|Win32
		{A5B06C11-F4B3-48FE-881A-64960CC62F0A}.Debug|Win32.Build.0 = Debug|Win32
		{A5B06C11-F4B3-48FE-881A-64960CC62F0A}.Release|Win32.ActiveCfg = Release|Win32
		{A5B06C11-F4B3-48FE-881A-64960CC62F0A}.Release|Win32.Build.0 = Release|Win32
		{AEEE95A9-DDDC-464C-A906-61D1083EE6B5}.Debug|Win32.ActiveCfg = Debug|Win32
		{AEEE95A9-DDDC-464C-A906-61D1083EE6B5}.Debug|Win32.Build.0 = Debug|Win32
		{AEEE95A9-DDDC-464C-A906-61D1083EE6B5}.Release|Win32.ActiveCfg = Release|Win32
		{AEEE95A9-DDDC-464C-A906-61D1083EE6B5}.Release|Win32.Build.0 = Release|Win32
		{FBEA9B87-B833-4276-91E4-8DDE515E7C53}.Debug|Win32.ActiveCfg = Debug|Win32
		{FBEA9B87-B833-4276-91E4-8DDE515E7C53}.Debug|Win32.Build.0 = Debug|Win32
		{FBEA9B87-B833-4276-91E4-8DDE515E7C53}.Release|Win32.ActiveCfg = Release|Win32
		{FBEA9B87-B833-4276-91E4-8DDE515E7C53}.Release|Win32.Build.0 = Release|Win32
		{10C11325-E993-4C67-BCA7-A5EC917091EA}.Debug|Win32.ActiveCfg = Debug|Win32
		{10C11325-E993-4C67-BCA7-A5EC917091EA}.Debug|Win32.Build.0 = Debug|Win32
		{10C11325-E993-4C67-BCA7-A5EC917091EA}.Release|Win32.ActiveCfg = Release|Win32
		{10C11325-E993-4C67-BCA7-A5EC917091EA}.Release|Win32.Build.0 = Release|Win32
		{94A13890-0AF1-4B7F-92AC-B421F7E609C0}.Debug|Win32.ActiveCfg = Debug|Win32
		{94A13890-0AF1-4B7F-92AC-B421F7E609C0}.Debug|Win32.Build.0 = Debug|Win32
		{94A13890-0AF1-4B7F-92AC-B421F7E609C0}.Release|Win32.ActiveCfg = Release|Win32
		{94A13890-0AF1-4B7F-92AC-B421F7E609C0}.Release|Win32.Build.0 = Release|Win32
		{16413B98-195F-45BB-8E9F-918980188A10}.Debug|Win32.ActiveCfg = Debug|Win32
		{16413B98-195F-45BB-8E9F-918980188A10}.Debug|Win32.Build.0 = Debug|Win32
		{16413B98-195F-45BB-8E9F-918980188A10}.Release|Win32.ActiveCfg = Release|Win32
		{16413B98-195F-45BB-8E9F-918980188A10}.Release|Win32.Build.0 = Release|Win32
		{F213F10C-24B3-4C86-B577-DC0085367F61}.Debug|Win32.ActiveCfg = Debug|Win32
		{F213F10C-24B3-4C86-B577-DC0085367F61}.Debug|Win32.Build.0 = Debug|Win32
		{F213F10C-24B3-4C86-B577-DC0085367F61}.Release|Win32.ActiveCfg = Release|Win32
		{F213F10C-24B3-4C86-B577-DC0085367F61}.Release|Win32.Build.0 = Release|Win32
		{3341F2A2-85F9-4A55-A708-0350DA8190FE}.Debug|Win32.ActiveCfg = Debug|Win32
		{3341F2A2-85F9-4A55-A708-0350DA8190FE}.Debug|Win32.Build.0 = Debug|Win32
		{3341F2A2-85F9-4A55-A708-0350DA8190FE}.Release|Win32.ActiveCfg = Release|Win32
		{3341F2A2-85F9-4A55-A708-0350DA8190FE}.Release|Win32.Build.0 = Release|Win32
		{375C6639-D4AE-4FF6-B7E2-9EE9ABA063E7}.Debug|Win32.ActiveCfg = Debug|Win32
		{375C6639-D4AE-4FF6-B7E2-9EE9ABA063E7}.Debug|Win32.Build.0 = Debug|Win32
		{375C6639-D4AE-4FF6-B7E2-9EE9ABA063E7}.Release|Win32.ActiveCfg = Release|Win32
		{375C6639-D4AE-4FF6-B7E2-9EE9ABA063E7}.Release|Win32.Build.0 = Release|Win32
	EndGlobalSection
	GlobalSection(SolutionProperties) = preSolution
		HideSolutionNode = FALSE
	EndGlobalSection
	GlobalSection(NestedProjects) = preSolution
		{58166FE6-667F-40CC-8049-F69F37F637C6} = {AADA8719-AE49-44E8-9EAD-92CF90906C10}
		{10C11325-E993-4C67-BCA7-A5EC917091EA} = {AADA8719-AE49-44E8-9EAD-92CF90906C10}
		{DAEFEAE3-E64A-4953-B629-8A1424FABC70} = {00AA53CE-4CB9-4B11-B70D-405C1E855A4B}
		{A5B06C11-F4B3-48FE-881A-64960CC62F0A} = {00AA53CE-4CB9-4B11-B70D-405C1E855A4B}
		{94A13890-0AF1-4B7F-92AC-B421F7E609C0} = {00AA53CE-4CB9-4B11-B70D-405C1E855A4B}
		{EAAE6AFE-1AD5-407B-A4F0-8DB1C12FB2F4} = {50B8D218-F209-4D50-BFA1-4F404292C013}
		{77EBA0DD-4D18-4DD2-B519-B140A70FC568} = {50B8D218-F209-4D50-BFA1-4F404292C013}
		{E5DD4F82-DA8C-4A06-88BE-AFCF93424DDF} = {50B8D218-F209-4D50-BFA1-4F404292C013}
		{FBEA9B87-B833-4276-91E4-8DDE515E7C53} = {EAAE6AFE-1AD5-407B-A4F0-8DB1C12FB2F4}
		{AEEE95A9-DDDC-464C-A906-61D1083EE6B5} = {EAAE6AFE-1AD5-407B-A4F0-8DB1C12FB2F4}
		{16413B98-195F-45BB-8E9F-918980188A10} = {77EBA0DD-4D18-4DD2-B519-B140A70FC568}
		{F213F10C-24B3-4C86-B577-DC0085367F61} = {77EBA0DD-4D18-4DD2-B519-B140A70FC568}
		{3341F2A2-85F9-4A55-A708-0350DA8190FE} = {E5DD4F82-DA8C-4A06-88BE-AFCF93424DDF}
		{375C6639-D4AE-4FF6-B7E2-9EE9ABA063E7} = {E5DD4F82-DA8C-4A06-88BE-AFCF93424DDF}
	EndGlobalSection
EndGlobal
