
Microsoft Visual Studio Solution File, Format Version 12.00
# Visual Studio 2012
Project("{8BC9CEB8-8B4A-11D0-8D11-00A0C91BC942}") = "simple", "Projects\simple.vcxproj", "{EE5C1522-CE85-4433-9BA8-F8D4E7E78846}"
EndProject
Project("{8BC9CEB8-8B4A-11D0-8D11-00A0C91BC942}") = "clcoffee", "Projects\clcoffee.vcxproj", "{EEAB1746-D39C-4C67-BA30-9F0FC3DBBD15}"
EndProject
Project("{2150E333-8FDC-42A3-9474-1A3956D46DE8}") = "01-simple", "01-simple", "{0AE8010F-94CC-4845-B121-FE9A78FDD2D3}"
EndProject
Project("{2150E333-8FDC-42A3-9474-1A3956D46DE8}") = "02-clcoffee", "02-clcoffee", "{97C62F02-DFF5-4AC2-8F80-40089008E699}"
EndProject
Project("{8BC9CEB8-8B4A-11D0-8D11-00A0C91BC942}") = "sleep5", "Projects\sleep5.vcxproj", "{4B9D386E-7AED-437A-A99A-AD8A6C2542EF}"
EndProject
Project("{8BC9CEB8-8B4A-11D0-8D11-00A0C91BC942}") = "touchcpp", "Projects\touchcpp.vcxproj", "{AB7842B7-CE24-47B3-925A-283BD38E6E79}"
EndProject
Project("{2150E333-8FDC-42A3-9474-1A3956D46DE8}") = "03-setdll", "03-setdll", "{11D12BD3-AE83-42E9-A399-5E9B3AC14D60}"
EndProject
Project("{8BC9CEB8-8B4A-11D0-8D11-00A0C91BC942}") = "setdll", "Projects\setdll.vcxproj", "{2979C59C-53AB-4E4A-B6FB-04D8124A85D7}"
EndProject
Global
	GlobalSection(SolutionConfigurationPlatforms) = preSolution
		Debug|Win32 = Debug|Win32
		Debug|x64 = Debug|x64
		Release|Win32 = Release|Win32
		Release|x64 = Release|x64
	EndGlobalSection
	GlobalSection(ProjectConfigurationPlatforms) = postSolution
		{EE5C1522-CE85-4433-9BA8-F8D4E7E78846}.Debug|Win32.ActiveCfg = Debug|Win32
		{EE5C1522-CE85-4433-9BA8-F8D4E7E78846}.Debug|Win32.Build.0 = Debug|Win32
		{EE5C1522-CE85-4433-9BA8-F8D4E7E78846}.Debug|x64.ActiveCfg = Debug|x64
		{EE5C1522-CE85-4433-9BA8-F8D4E7E78846}.Debug|x64.Build.0 = Debug|x64
		{EE5C1522-CE85-4433-9BA8-F8D4E7E78846}.Release|Win32.ActiveCfg = Release|Win32
		{EE5C1522-CE85-4433-9BA8-F8D4E7E78846}.Release|Win32.Build.0 = Release|Win32
		{EE5C1522-CE85-4433-9BA8-F8D4E7E78846}.Release|x64.ActiveCfg = Release|x64
		{EE5C1522-CE85-4433-9BA8-F8D4E7E78846}.Release|x64.Build.0 = Release|x64
		{EEAB1746-D39C-4C67-BA30-9F0FC3DBBD15}.Debug|Win32.ActiveCfg = Debug|Win32
		{EEAB1746-D39C-4C67-BA30-9F0FC3DBBD15}.Debug|Win32.Build.0 = Debug|Win32
		{EEAB1746-D39C-4C67-BA30-9F0FC3DBBD15}.Debug|x64.ActiveCfg = Debug|x64
		{EEAB1746-D39C-4C67-BA30-9F0FC3DBBD15}.Debug|x64.Build.0 = Debug|x64
		{EEAB1746-D39C-4C67-BA30-9F0FC3DBBD15}.Release|Win32.ActiveCfg = Release|Win32
		{EEAB1746-D39C-4C67-BA30-9F0FC3DBBD15}.Release|Win32.Build.0 = Release|Win32
		{EEAB1746-D39C-4C67-BA30-9F0FC3DBBD15}.Release|x64.ActiveCfg = Release|x64
		{EEAB1746-D39C-4C67-BA30-9F0FC3DBBD15}.Release|x64.Build.0 = Release|x64
		{4B9D386E-7AED-437A-A99A-AD8A6C2542EF}.Debug|Win32.ActiveCfg = Debug|Win32
		{4B9D386E-7AED-437A-A99A-AD8A6C2542EF}.Debug|Win32.Build.0 = Debug|Win32
		{4B9D386E-7AED-437A-A99A-AD8A6C2542EF}.Debug|x64.ActiveCfg = Debug|x64
		{4B9D386E-7AED-437A-A99A-AD8A6C2542EF}.Debug|x64.Build.0 = Debug|x64
		{4B9D386E-7AED-437A-A99A-AD8A6C2542EF}.Release|Win32.ActiveCfg = Release|Win32
		{4B9D386E-7AED-437A-A99A-AD8A6C2542EF}.Release|Win32.Build.0 = Release|Win32
		{4B9D386E-7AED-437A-A99A-AD8A6C2542EF}.Release|x64.ActiveCfg = Release|x64
		{4B9D386E-7AED-437A-A99A-AD8A6C2542EF}.Release|x64.Build.0 = Release|x64
		{AB7842B7-CE24-47B3-925A-283BD38E6E79}.Debug|Win32.ActiveCfg = Debug|Win32
		{AB7842B7-CE24-47B3-925A-283BD38E6E79}.Debug|Win32.Build.0 = Debug|Win32
		{AB7842B7-CE24-47B3-925A-283BD38E6E79}.Debug|x64.ActiveCfg = Debug|x64
		{AB7842B7-CE24-47B3-925A-283BD38E6E79}.Debug|x64.Build.0 = Debug|x64
		{AB7842B7-CE24-47B3-925A-283BD38E6E79}.Release|Win32.ActiveCfg = Release|Win32
		{AB7842B7-CE24-47B3-925A-283BD38E6E79}.Release|Win32.Build.0 = Release|Win32
		{AB7842B7-CE24-47B3-925A-283BD38E6E79}.Release|x64.ActiveCfg = Release|x64
		{AB7842B7-CE24-47B3-925A-283BD38E6E79}.Release|x64.Build.0 = Release|x64
		{2979C59C-53AB-4E4A-B6FB-04D8124A85D7}.Debug|Win32.ActiveCfg = Debug|Win32
		{2979C59C-53AB-4E4A-B6FB-04D8124A85D7}.Debug|Win32.Build.0 = Debug|Win32
		{2979C59C-53AB-4E4A-B6FB-04D8124A85D7}.Debug|x64.ActiveCfg = Debug|x64
		{2979C59C-53AB-4E4A-B6FB-04D8124A85D7}.Debug|x64.Build.0 = Debug|x64
		{2979C59C-53AB-4E4A-B6FB-04D8124A85D7}.Release|Win32.ActiveCfg = Release|Win32
		{2979C59C-53AB-4E4A-B6FB-04D8124A85D7}.Release|Win32.Build.0 = Release|Win32
		{2979C59C-53AB-4E4A-B6FB-04D8124A85D7}.Release|x64.ActiveCfg = Release|x64
		{2979C59C-53AB-4E4A-B6FB-04D8124A85D7}.Release|x64.Build.0 = Release|x64
	EndGlobalSection
	GlobalSection(SolutionProperties) = preSolution
		HideSolutionNode = FALSE
	EndGlobalSection
	GlobalSection(NestedProjects) = preSolution
		{EE5C1522-CE85-4433-9BA8-F8D4E7E78846} = {0AE8010F-94CC-4845-B121-FE9A78FDD2D3}
		{4B9D386E-7AED-437A-A99A-AD8A6C2542EF} = {0AE8010F-94CC-4845-B121-FE9A78FDD2D3}
		{EEAB1746-D39C-4C67-BA30-9F0FC3DBBD15} = {97C62F02-DFF5-4AC2-8F80-40089008E699}
		{AB7842B7-CE24-47B3-925A-283BD38E6E79} = {97C62F02-DFF5-4AC2-8F80-40089008E699}
		{2979C59C-53AB-4E4A-B6FB-04D8124A85D7} = {11D12BD3-AE83-42E9-A399-5E9B3AC14D60}
	EndGlobalSection
EndGlobal
