<?xml version="1.0" encoding="utf-8"?>
<Project ToolsVersion="4.0" xmlns="http://schemas.microsoft.com/developer/msbuild/2003">
  <ItemGroup>
    <Filter Include="mhook-lib">
      <UniqueIdentifier>{045dd511-c2ba-4d4f-a1be-9d8cb44376a5}</UniqueIdentifier>
    </Filter>
    <Filter Include="disasm-lib">
      <UniqueIdentifier>{67d34430-c512-46fc-9947-5c2ebfe0f001}</UniqueIdentifier>
    </Filter>
  </ItemGroup>
  <ItemGroup>
    <ClCompile Include="..\..\src\mhook-lib\mhook.cpp">
      <Filter>mhook-lib</Filter>
    </ClCompile>
    <ClCompile Include="..\..\src\disasm-lib\cpu.c">
      <Filter>disasm-lib</Filter>
    </ClCompile>
    <ClCompile Include="..\..\src\disasm-lib\disasm.c">
      <Filter>disasm-lib</Filter>
    </ClCompile>
    <ClCompile Include="..\..\src\disasm-lib\disasm_x86.c">
      <Filter>disasm-lib</Filter>
    </ClCompile>
    <ClCompile Include="..\..\src\disasm-lib\misc.c">
      <Filter>disasm-lib</Filter>
    </ClCompile>
    <ClCompile Include="..\..\src\simple.cpp" />
  </ItemGroup>
  <ItemGroup>
    <ClInclude Include="..\..\src\mhook-lib\mhook.h">
      <Filter>mhook-lib</Filter>
    </ClInclude>
    <ClInclude Include="..\..\src\disasm-lib\cpu.h">
      <Filter>disasm-lib</Filter>
    </ClInclude>
    <ClInclude Include="..\..\src\disasm-lib\disasm.h">
      <Filter>disasm-lib</Filter>
    </ClInclude>
    <ClInclude Include="..\..\src\disasm-lib\disasm_x86.h">
      <Filter>disasm-lib</Filter>
    </ClInclude>
    <ClInclude Include="..\..\src\disasm-lib\disasm_x86_tables.h">
      <Filter>disasm-lib</Filter>
    </ClInclude>
    <ClInclude Include="..\..\src\disasm-lib\misc.h">
      <Filter>disasm-lib</Filter>
    </ClInclude>
  </ItemGroup>
</Project>